
Microsoft Visual Studio Solution File, Format Version 12.00
# Visual Studio 2013
VisualStudioVersion = 12.0.40629.0
MinimumVisualStudioVersion = 10.0.40219.1
Project("{FAE04EC0-301F-11D3-BF4B-00C04F79EFBC}") = "CodeExamples", "CodeExamples\CodeExamples.csproj", "{14091B90-7B25-41BC-B38B-D333F3C26007}"
EndProject
Project("{FAE04EC0-301F-11D3-BF4B-00C04F79EFBC}") = "CodeDom", "CodeDom\CodeDom.csproj", "{843DF79C-9903-4117-980C-11C1AB56C149}"
EndProject
Global
	GlobalSection(SolutionConfigurationPlatforms) = preSolution
		Debug|Any CPU = Debug|Any CPU
		Release|Any CPU = Release|Any CPU
	EndGlobalSection
	GlobalSection(ProjectConfigurationPlatforms) = postSolution
		{14091B90-7B25-41BC-B38B-D333F3C26007}.Debug|Any CPU.ActiveCfg = Debug|Any CPU
		{14091B90-7B25-41BC-B38B-D333F3C26007}.Debug|Any CPU.Build.0 = Debug|Any CPU
		{14091B90-7B25-41BC-B38B-D333F3C26007}.Release|Any CPU.ActiveCfg = Release|Any CPU
		{14091B90-7B25-41BC-B38B-D333F3C26007}.Release|Any CPU.Build.0 = Release|Any CPU
		{843DF79C-9903-4117-980C-11C1AB56C149}.Debug|Any CPU.ActiveCfg = Debug|Any CPU
		{843DF79C-9903-4117-980C-11C1AB56C149}.Debug|Any CPU.Build.0 = Debug|Any CPU
		{843DF79C-9903-4117-980C-11C1AB56C149}.Release|Any CPU.ActiveCfg = Release|Any CPU
		{843DF79C-9903-4117-980C-11C1AB56C149}.Release|Any CPU.Build.0 = Release|Any CPU
	EndGlobalSection
	GlobalSection(SolutionProperties) = preSolution
		HideSolutionNode = FALSE
	EndGlobalSection
EndGlobal
