
Microsoft Visual Studio Solution File, Format Version 12.00
# Visual Studio 2013
VisualStudioVersion = 12.0.31101.0
MinimumVisualStudioVersion = 10.0.40219.1
Project("{FAE04EC0-301F-11D3-BF4B-00C04F79EFBC}") = "mediaAPI", "mediaAPI\mediaAPI.csproj", "{D4B55990-E451-4657-8F51-A3B300E83921}"
EndProject
Project("{FAE04EC0-301F-11D3-BF4B-00C04F79EFBC}") = "mediaAPI.Tests", "mediaAPI.Tests\mediaAPI.Tests.csproj", "{DD302FEF-FCD2-44E8-A92C-C3159DF3BB02}"
EndProject
Project("{FAE04EC0-301F-11D3-BF4B-00C04F79EFBC}") = "Logic", "Logic\Logic.csproj", "{1D603ABC-1A93-44E8-970C-B8DD94EBC062}"
EndProject
Global
	GlobalSection(SolutionConfigurationPlatforms) = preSolution
		Debug|Any CPU = Debug|Any CPU
		Release|Any CPU = Release|Any CPU
	EndGlobalSection
	GlobalSection(ProjectConfigurationPlatforms) = postSolution
		{D4B55990-E451-4657-8F51-A3B300E83921}.Debug|Any CPU.ActiveCfg = Debug|Any CPU
		{D4B55990-E451-4657-8F51-A3B300E83921}.Debug|Any CPU.Build.0 = Debug|Any CPU
		{D4B55990-E451-4657-8F51-A3B300E83921}.Release|Any CPU.ActiveCfg = Release|Any CPU
		{D4B55990-E451-4657-8F51-A3B300E83921}.Release|Any CPU.Build.0 = Release|Any CPU
		{DD302FEF-FCD2-44E8-A92C-C3159DF3BB02}.Debug|Any CPU.ActiveCfg = Debug|Any CPU
		{DD302FEF-FCD2-44E8-A92C-C3159DF3BB02}.Debug|Any CPU.Build.0 = Debug|Any CPU
		{DD302FEF-FCD2-44E8-A92C-C3159DF3BB02}.Release|Any CPU.ActiveCfg = Release|Any CPU
		{DD302FEF-FCD2-44E8-A92C-C3159DF3BB02}.Release|Any CPU.Build.0 = Release|Any CPU
		{1D603ABC-1A93-44E8-970C-B8DD94EBC062}.Debug|Any CPU.ActiveCfg = Debug|Any CPU
		{1D603ABC-1A93-44E8-970C-B8DD94EBC062}.Debug|Any CPU.Build.0 = Debug|Any CPU
		{1D603ABC-1A93-44E8-970C-B8DD94EBC062}.Release|Any CPU.ActiveCfg = Release|Any CPU
		{1D603ABC-1A93-44E8-970C-B8DD94EBC062}.Release|Any CPU.Build.0 = Release|Any CPU
	EndGlobalSection
	GlobalSection(SolutionProperties) = preSolution
		HideSolutionNode = FALSE
	EndGlobalSection
EndGlobal
